
Microsoft Visual Studio Solution File, Format Version 12.00
# Visual Studio Version 16
VisualStudioVersion = 16.0.28531.58
MinimumVisualStudioVersion = 10.0.40219.1
Project("{FAE04EC0-301F-11D3-BF4B-00C04F79EFBC}") = "SpaUserControl.Domain", "DDD\SpaUserControl.Domain.csproj", "{BDB935AC-6C98-41C5-A084-73A08C757CA9}"
EndProject
Project("{FAE04EC0-301F-11D3-BF4B-00C04F79EFBC}") = "SpaUserControl.Tests", "SpaUserControl.Tests\SpaUserControl.Tests.csproj", "{0BEFB263-91B9-4F60-B96E-E5DD7341B895}"
EndProject
Global
	GlobalSection(SolutionConfigurationPlatforms) = preSolution
		Debug|Any CPU = Debug|Any CPU
		Release|Any CPU = Release|Any CPU
	EndGlobalSection
	GlobalSection(ProjectConfigurationPlatforms) = postSolution
		{BDB935AC-6C98-41C5-A084-73A08C757CA9}.Debug|Any CPU.ActiveCfg = Debug|Any CPU
		{BDB935AC-6C98-41C5-A084-73A08C757CA9}.Debug|Any CPU.Build.0 = Debug|Any CPU
		{BDB935AC-6C98-41C5-A084-73A08C757CA9}.Release|Any CPU.ActiveCfg = Release|Any CPU
		{BDB935AC-6C98-41C5-A084-73A08C757CA9}.Release|Any CPU.Build.0 = Release|Any CPU
		{0BEFB263-91B9-4F60-B96E-E5DD7341B895}.Debug|Any CPU.ActiveCfg = Debug|Any CPU
		{0BEFB263-91B9-4F60-B96E-E5DD7341B895}.Debug|Any CPU.Build.0 = Debug|Any CPU
		{0BEFB263-91B9-4F60-B96E-E5DD7341B895}.Release|Any CPU.ActiveCfg = Release|Any CPU
		{0BEFB263-91B9-4F60-B96E-E5DD7341B895}.Release|Any CPU.Build.0 = Release|Any CPU
	EndGlobalSection
	GlobalSection(SolutionProperties) = preSolution
		HideSolutionNode = FALSE
	EndGlobalSection
	GlobalSection(ExtensibilityGlobals) = postSolution
		SolutionGuid = {6CBAF0D6-30D7-48B4-B682-F6A48BBD2447}
	EndGlobalSection
EndGlobal
