
Microsoft Visual Studio Solution File, Format Version 12.00
# Visual Studio Version 16
VisualStudioVersion = 16.0.28531.58
MinimumVisualStudioVersion = 10.0.40219.1
Project("{9A19103F-16F7-4668-BE54-9A1E7A4F7556}") = "SpaUserControl.Tests", "SpaUserControl.Tests\SpaUserControl.Tests.csproj", "{0BEFB263-91B9-4F60-B96E-E5DD7341B895}"
EndProject
Project("{9A19103F-16F7-4668-BE54-9A1E7A4F7556}") = "SpaUserControl.Common", "SpaUserControl.Common\SpaUserControl.Common.csproj", "{087497E0-D449-406F-AE90-49B76C65E093}"
EndProject
Project("{9A19103F-16F7-4668-BE54-9A1E7A4F7556}") = "SpaUserControl.Domain", "SpaUserControl.Domain\SpaUserControl.Domain.csproj", "{D2681394-E6EC-477C-A471-ACA6985775EF}"
EndProject
Global
	GlobalSection(SolutionConfigurationPlatforms) = preSolution
		Debug|Any CPU = Debug|Any CPU
		Release|Any CPU = Release|Any CPU
	EndGlobalSection
	GlobalSection(ProjectConfigurationPlatforms) = postSolution
		{0BEFB263-91B9-4F60-B96E-E5DD7341B895}.Debug|Any CPU.ActiveCfg = Debug|Any CPU
		{0BEFB263-91B9-4F60-B96E-E5DD7341B895}.Debug|Any CPU.Build.0 = Debug|Any CPU
		{0BEFB263-91B9-4F60-B96E-E5DD7341B895}.Release|Any CPU.ActiveCfg = Release|Any CPU
		{0BEFB263-91B9-4F60-B96E-E5DD7341B895}.Release|Any CPU.Build.0 = Release|Any CPU
		{087497E0-D449-406F-AE90-49B76C65E093}.Debug|Any CPU.ActiveCfg = Debug|Any CPU
		{087497E0-D449-406F-AE90-49B76C65E093}.Debug|Any CPU.Build.0 = Debug|Any CPU
		{087497E0-D449-406F-AE90-49B76C65E093}.Release|Any CPU.ActiveCfg = Release|Any CPU
		{087497E0-D449-406F-AE90-49B76C65E093}.Release|Any CPU.Build.0 = Release|Any CPU
		{D2681394-E6EC-477C-A471-ACA6985775EF}.Debug|Any CPU.ActiveCfg = Debug|Any CPU
		{D2681394-E6EC-477C-A471-ACA6985775EF}.Debug|Any CPU.Build.0 = Debug|Any CPU
		{D2681394-E6EC-477C-A471-ACA6985775EF}.Release|Any CPU.ActiveCfg = Release|Any CPU
		{D2681394-E6EC-477C-A471-ACA6985775EF}.Release|Any CPU.Build.0 = Release|Any CPU
	EndGlobalSection
	GlobalSection(SolutionProperties) = preSolution
		HideSolutionNode = FALSE
	EndGlobalSection
	GlobalSection(ExtensibilityGlobals) = postSolution
		SolutionGuid = {6CBAF0D6-30D7-48B4-B682-F6A48BBD2447}
	EndGlobalSection
EndGlobal
